
Microsoft Visual Studio Solution File, Format Version 12.00
# Visual Studio Version 16
VisualStudioVersion = 16.0.29519.87
MinimumVisualStudioVersion = 10.0.40219.1
Project("{8BC9CEB8-8B4A-11D0-8D11-00A0C91BC942}") = "cpp01-初识C语言", "c_primer-plus01.vcxproj", "{C0DB9A48-CAD6-4B20-B121-7A0B7AD9B71B}"
EndProject
Project("{8BC9CEB8-8B4A-11D0-8D11-00A0C91BC942}") = "cpp04-字符串和格式化输入输出", "..\cpp04-字符串和格式化输入输出\cpp04-字符串和格式化输入输出.vcxproj", "{BA50A986-7027-4438-94F5-278181C19C81}"
EndProject
Project("{8BC9CEB8-8B4A-11D0-8D11-00A0C91BC942}") = "cpp05-运算符-表达式-语句", "..\cpp05-运算符-表达式-语句\cpp05-运算符-表达式-语句.vcxproj", "{4760C6FC-FBB6-4280-9AE0-2DC5E101C079}"
EndProject
Project("{8BC9CEB8-8B4A-11D0-8D11-00A0C91BC942}") = "cpp06-c控制语句-循环", "..\cpp06-c控制语句-循环\cpp06-c控制语句-循环.vcxproj", "{DA7D9CE8-B48C-4C41-AB0E-5DCF7BE6FB6E}"
EndProject
Project("{8BC9CEB8-8B4A-11D0-8D11-00A0C91BC942}") = "cpp07-c控制语句-分支和跳转", "..\cpp07-c控制语句-分支和跳转\cpp07-c控制语句-分支和跳转.vcxproj", "{FDF7362E-88A4-4628-9418-7E3F9EAC0B3F}"
EndProject
Project("{8BC9CEB8-8B4A-11D0-8D11-00A0C91BC942}") = "cpp08-字符输入输出和输入验证", "..\cpp08-字符输入输出和输入验证\cpp08-字符输入输出和输入验证.vcxproj", "{460A826E-4DF6-4D7F-BE3A-6ACA17B1E4A1}"
EndProject
Project("{8BC9CEB8-8B4A-11D0-8D11-00A0C91BC942}") = "cpp09-函数", "..\cpp09-函数\cpp09-函数.vcxproj", "{1595D2C5-2F38-41AD-B003-B1CC7CD1AC4D}"
EndProject
Project("{8BC9CEB8-8B4A-11D0-8D11-00A0C91BC942}") = "cpp10-数组和指针", "..\cpp10-数组和指针\cpp10-数组和指针.vcxproj", "{A64D697D-078A-4604-8482-C382CC569956}"
EndProject
Project("{8BC9CEB8-8B4A-11D0-8D11-00A0C91BC942}") = "test", "..\test\test.vcxproj", "{A0C3981F-3217-40F1-B00D-83F3FA95A9F5}"
EndProject
Project("{8BC9CEB8-8B4A-11D0-8D11-00A0C91BC942}") = "cpp11-字符串和字符串函数", "..\cpp11-字符串和字符串函数\cpp11-字符串和字符串函数.vcxproj", "{85E42182-CEBC-4C1D-A617-E229CE0CBE49}"
EndProject
Project("{8BC9CEB8-8B4A-11D0-8D11-00A0C91BC942}") = "cpp02-c语言概述", "..\cpp02-C语言概述\cpp02.vcxproj", "{1B2DE186-355E-404A-A860-B43E9C01E21A}"
EndProject
Project("{8BC9CEB8-8B4A-11D0-8D11-00A0C91BC942}") = "cpp03-数据和c", "..\cpp03-数据和C\cpp03.vcxproj", "{38708C33-6838-48B9-AD21-AF8FD962FA71}"
EndProject
Project("{8BC9CEB8-8B4A-11D0-8D11-00A0C91BC942}") = "cpp11-13-16", "..\cpp11-13-16\cpp11-13-16.vcxproj", "{104D2F87-2A33-4BDB-A4E8-6FE69F9D2948}"
EndProject
Project("{8BC9CEB8-8B4A-11D0-8D11-00A0C91BC942}") = "cpp11-13-14", "..\cpp11-13-14\commandline_program.vcxproj", "{ABB68045-8B1B-4B56-9593-DD687E746FF7}"
EndProject
Project("{8BC9CEB8-8B4A-11D0-8D11-00A0C91BC942}") = "cpp12-存储类别-链接和内存管理", "..\cpp12-存储类别-链接和内存管理\cpp12-存储类别-链接和内存管理.vcxproj", "{93860A1B-20DE-4641-907B-5BD6EB60286A}"
EndProject
Project("{8BC9CEB8-8B4A-11D0-8D11-00A0C91BC942}") = "cpp13-文件输入输出", "..\cpp13-文件输入输出\cpp13-文件输入输出.vcxproj", "{B5F10861-E76E-402D-B5B5-FBFBD8755BC9}"
EndProject
Project("{8BC9CEB8-8B4A-11D0-8D11-00A0C91BC942}") = "cpp13_11_2", "..\cpp13_11_2\cpp13_11_2.vcxproj", "{44A7F103-C4C1-4B11-8E41-D162D50D8684}"
EndProject
Project("{8BC9CEB8-8B4A-11D0-8D11-00A0C91BC942}") = "cpp13_11_4", "..\cpp13_11_4\cpp13_11_4.vcxproj", "{78F1824F-A56B-4A97-ABAF-AE7F4273142B}"
EndProject
Project("{8BC9CEB8-8B4A-11D0-8D11-00A0C91BC942}") = "cpp13_11_5", "..\cpp13_11_5\cpp13_11_5.vcxproj", "{9F847603-DCCA-4B83-B67F-81B2863F97DB}"
EndProject
Global
	GlobalSection(SolutionConfigurationPlatforms) = preSolution
		Debug|x64 = Debug|x64
		Debug|x86 = Debug|x86
		Release|x64 = Release|x64
		Release|x86 = Release|x86
	EndGlobalSection
	GlobalSection(ProjectConfigurationPlatforms) = postSolution
		{C0DB9A48-CAD6-4B20-B121-7A0B7AD9B71B}.Debug|x64.ActiveCfg = Debug|x64
		{C0DB9A48-CAD6-4B20-B121-7A0B7AD9B71B}.Debug|x64.Build.0 = Debug|x64
		{C0DB9A48-CAD6-4B20-B121-7A0B7AD9B71B}.Debug|x86.ActiveCfg = Debug|Win32
		{C0DB9A48-CAD6-4B20-B121-7A0B7AD9B71B}.Debug|x86.Build.0 = Debug|Win32
		{C0DB9A48-CAD6-4B20-B121-7A0B7AD9B71B}.Release|x64.ActiveCfg = Release|x64
		{C0DB9A48-CAD6-4B20-B121-7A0B7AD9B71B}.Release|x64.Build.0 = Release|x64
		{C0DB9A48-CAD6-4B20-B121-7A0B7AD9B71B}.Release|x86.ActiveCfg = Release|Win32
		{C0DB9A48-CAD6-4B20-B121-7A0B7AD9B71B}.Release|x86.Build.0 = Release|Win32
		{BA50A986-7027-4438-94F5-278181C19C81}.Debug|x64.ActiveCfg = Debug|x64
		{BA50A986-7027-4438-94F5-278181C19C81}.Debug|x64.Build.0 = Debug|x64
		{BA50A986-7027-4438-94F5-278181C19C81}.Debug|x86.ActiveCfg = Debug|Win32
		{BA50A986-7027-4438-94F5-278181C19C81}.Debug|x86.Build.0 = Debug|Win32
		{BA50A986-7027-4438-94F5-278181C19C81}.Release|x64.ActiveCfg = Release|x64
		{BA50A986-7027-4438-94F5-278181C19C81}.Release|x64.Build.0 = Release|x64
		{BA50A986-7027-4438-94F5-278181C19C81}.Release|x86.ActiveCfg = Release|Win32
		{BA50A986-7027-4438-94F5-278181C19C81}.Release|x86.Build.0 = Release|Win32
		{4760C6FC-FBB6-4280-9AE0-2DC5E101C079}.Debug|x64.ActiveCfg = Debug|x64
		{4760C6FC-FBB6-4280-9AE0-2DC5E101C079}.Debug|x64.Build.0 = Debug|x64
		{4760C6FC-FBB6-4280-9AE0-2DC5E101C079}.Debug|x86.ActiveCfg = Debug|Win32
		{4760C6FC-FBB6-4280-9AE0-2DC5E101C079}.Debug|x86.Build.0 = Debug|Win32
		{4760C6FC-FBB6-4280-9AE0-2DC5E101C079}.Release|x64.ActiveCfg = Release|x64
		{4760C6FC-FBB6-4280-9AE0-2DC5E101C079}.Release|x64.Build.0 = Release|x64
		{4760C6FC-FBB6-4280-9AE0-2DC5E101C079}.Release|x86.ActiveCfg = Release|Win32
		{4760C6FC-FBB6-4280-9AE0-2DC5E101C079}.Release|x86.Build.0 = Release|Win32
		{DA7D9CE8-B48C-4C41-AB0E-5DCF7BE6FB6E}.Debug|x64.ActiveCfg = Debug|x64
		{DA7D9CE8-B48C-4C41-AB0E-5DCF7BE6FB6E}.Debug|x64.Build.0 = Debug|x64
		{DA7D9CE8-B48C-4C41-AB0E-5DCF7BE6FB6E}.Debug|x86.ActiveCfg = Debug|Win32
		{DA7D9CE8-B48C-4C41-AB0E-5DCF7BE6FB6E}.Debug|x86.Build.0 = Debug|Win32
		{DA7D9CE8-B48C-4C41-AB0E-5DCF7BE6FB6E}.Release|x64.ActiveCfg = Release|x64
		{DA7D9CE8-B48C-4C41-AB0E-5DCF7BE6FB6E}.Release|x64.Build.0 = Release|x64
		{DA7D9CE8-B48C-4C41-AB0E-5DCF7BE6FB6E}.Release|x86.ActiveCfg = Release|Win32
		{DA7D9CE8-B48C-4C41-AB0E-5DCF7BE6FB6E}.Release|x86.Build.0 = Release|Win32
		{FDF7362E-88A4-4628-9418-7E3F9EAC0B3F}.Debug|x64.ActiveCfg = Debug|x64
		{FDF7362E-88A4-4628-9418-7E3F9EAC0B3F}.Debug|x64.Build.0 = Debug|x64
		{FDF7362E-88A4-4628-9418-7E3F9EAC0B3F}.Debug|x86.ActiveCfg = Debug|Win32
		{FDF7362E-88A4-4628-9418-7E3F9EAC0B3F}.Debug|x86.Build.0 = Debug|Win32
		{FDF7362E-88A4-4628-9418-7E3F9EAC0B3F}.Release|x64.ActiveCfg = Release|x64
		{FDF7362E-88A4-4628-9418-7E3F9EAC0B3F}.Release|x64.Build.0 = Release|x64
		{FDF7362E-88A4-4628-9418-7E3F9EAC0B3F}.Release|x86.ActiveCfg = Release|Win32
		{FDF7362E-88A4-4628-9418-7E3F9EAC0B3F}.Release|x86.Build.0 = Release|Win32
		{460A826E-4DF6-4D7F-BE3A-6ACA17B1E4A1}.Debug|x64.ActiveCfg = Debug|x64
		{460A826E-4DF6-4D7F-BE3A-6ACA17B1E4A1}.Debug|x64.Build.0 = Debug|x64
		{460A826E-4DF6-4D7F-BE3A-6ACA17B1E4A1}.Debug|x86.ActiveCfg = Debug|Win32
		{460A826E-4DF6-4D7F-BE3A-6ACA17B1E4A1}.Debug|x86.Build.0 = Debug|Win32
		{460A826E-4DF6-4D7F-BE3A-6ACA17B1E4A1}.Release|x64.ActiveCfg = Release|x64
		{460A826E-4DF6-4D7F-BE3A-6ACA17B1E4A1}.Release|x64.Build.0 = Release|x64
		{460A826E-4DF6-4D7F-BE3A-6ACA17B1E4A1}.Release|x86.ActiveCfg = Release|Win32
		{460A826E-4DF6-4D7F-BE3A-6ACA17B1E4A1}.Release|x86.Build.0 = Release|Win32
		{1595D2C5-2F38-41AD-B003-B1CC7CD1AC4D}.Debug|x64.ActiveCfg = Debug|x64
		{1595D2C5-2F38-41AD-B003-B1CC7CD1AC4D}.Debug|x64.Build.0 = Debug|x64
		{1595D2C5-2F38-41AD-B003-B1CC7CD1AC4D}.Debug|x86.ActiveCfg = Debug|Win32
		{1595D2C5-2F38-41AD-B003-B1CC7CD1AC4D}.Debug|x86.Build.0 = Debug|Win32
		{1595D2C5-2F38-41AD-B003-B1CC7CD1AC4D}.Release|x64.ActiveCfg = Release|x64
		{1595D2C5-2F38-41AD-B003-B1CC7CD1AC4D}.Release|x64.Build.0 = Release|x64
		{1595D2C5-2F38-41AD-B003-B1CC7CD1AC4D}.Release|x86.ActiveCfg = Release|Win32
		{1595D2C5-2F38-41AD-B003-B1CC7CD1AC4D}.Release|x86.Build.0 = Release|Win32
		{A64D697D-078A-4604-8482-C382CC569956}.Debug|x64.ActiveCfg = Debug|x64
		{A64D697D-078A-4604-8482-C382CC569956}.Debug|x64.Build.0 = Debug|x64
		{A64D697D-078A-4604-8482-C382CC569956}.Debug|x86.ActiveCfg = Debug|Win32
		{A64D697D-078A-4604-8482-C382CC569956}.Debug|x86.Build.0 = Debug|Win32
		{A64D697D-078A-4604-8482-C382CC569956}.Release|x64.ActiveCfg = Release|x64
		{A64D697D-078A-4604-8482-C382CC569956}.Release|x64.Build.0 = Release|x64
		{A64D697D-078A-4604-8482-C382CC569956}.Release|x86.ActiveCfg = Release|Win32
		{A64D697D-078A-4604-8482-C382CC569956}.Release|x86.Build.0 = Release|Win32
		{A0C3981F-3217-40F1-B00D-83F3FA95A9F5}.Debug|x64.ActiveCfg = Debug|x64
		{A0C3981F-3217-40F1-B00D-83F3FA95A9F5}.Debug|x64.Build.0 = Debug|x64
		{A0C3981F-3217-40F1-B00D-83F3FA95A9F5}.Debug|x86.ActiveCfg = Debug|Win32
		{A0C3981F-3217-40F1-B00D-83F3FA95A9F5}.Debug|x86.Build.0 = Debug|Win32
		{A0C3981F-3217-40F1-B00D-83F3FA95A9F5}.Release|x64.ActiveCfg = Release|x64
		{A0C3981F-3217-40F1-B00D-83F3FA95A9F5}.Release|x64.Build.0 = Release|x64
		{A0C3981F-3217-40F1-B00D-83F3FA95A9F5}.Release|x86.ActiveCfg = Release|Win32
		{A0C3981F-3217-40F1-B00D-83F3FA95A9F5}.Release|x86.Build.0 = Release|Win32
		{85E42182-CEBC-4C1D-A617-E229CE0CBE49}.Debug|x64.ActiveCfg = Debug|x64
		{85E42182-CEBC-4C1D-A617-E229CE0CBE49}.Debug|x64.Build.0 = Debug|x64
		{85E42182-CEBC-4C1D-A617-E229CE0CBE49}.Debug|x86.ActiveCfg = Debug|Win32
		{85E42182-CEBC-4C1D-A617-E229CE0CBE49}.Debug|x86.Build.0 = Debug|Win32
		{85E42182-CEBC-4C1D-A617-E229CE0CBE49}.Release|x64.ActiveCfg = Release|x64
		{85E42182-CEBC-4C1D-A617-E229CE0CBE49}.Release|x64.Build.0 = Release|x64
		{85E42182-CEBC-4C1D-A617-E229CE0CBE49}.Release|x86.ActiveCfg = Release|Win32
		{85E42182-CEBC-4C1D-A617-E229CE0CBE49}.Release|x86.Build.0 = Release|Win32
		{1B2DE186-355E-404A-A860-B43E9C01E21A}.Debug|x64.ActiveCfg = Debug|x64
		{1B2DE186-355E-404A-A860-B43E9C01E21A}.Debug|x64.Build.0 = Debug|x64
		{1B2DE186-355E-404A-A860-B43E9C01E21A}.Debug|x86.ActiveCfg = Debug|Win32
		{1B2DE186-355E-404A-A860-B43E9C01E21A}.Debug|x86.Build.0 = Debug|Win32
		{1B2DE186-355E-404A-A860-B43E9C01E21A}.Release|x64.ActiveCfg = Release|x64
		{1B2DE186-355E-404A-A860-B43E9C01E21A}.Release|x64.Build.0 = Release|x64
		{1B2DE186-355E-404A-A860-B43E9C01E21A}.Release|x86.ActiveCfg = Release|Win32
		{1B2DE186-355E-404A-A860-B43E9C01E21A}.Release|x86.Build.0 = Release|Win32
		{38708C33-6838-48B9-AD21-AF8FD962FA71}.Debug|x64.ActiveCfg = Debug|x64
		{38708C33-6838-48B9-AD21-AF8FD962FA71}.Debug|x64.Build.0 = Debug|x64
		{38708C33-6838-48B9-AD21-AF8FD962FA71}.Debug|x86.ActiveCfg = Debug|Win32
		{38708C33-6838-48B9-AD21-AF8FD962FA71}.Debug|x86.Build.0 = Debug|Win32
		{38708C33-6838-48B9-AD21-AF8FD962FA71}.Release|x64.ActiveCfg = Release|x64
		{38708C33-6838-48B9-AD21-AF8FD962FA71}.Release|x64.Build.0 = Release|x64
		{38708C33-6838-48B9-AD21-AF8FD962FA71}.Release|x86.ActiveCfg = Release|Win32
		{38708C33-6838-48B9-AD21-AF8FD962FA71}.Release|x86.Build.0 = Release|Win32
		{104D2F87-2A33-4BDB-A4E8-6FE69F9D2948}.Debug|x64.ActiveCfg = Debug|x64
		{104D2F87-2A33-4BDB-A4E8-6FE69F9D2948}.Debug|x64.Build.0 = Debug|x64
		{104D2F87-2A33-4BDB-A4E8-6FE69F9D2948}.Debug|x86.ActiveCfg = Debug|Win32
		{104D2F87-2A33-4BDB-A4E8-6FE69F9D2948}.Debug|x86.Build.0 = Debug|Win32
		{104D2F87-2A33-4BDB-A4E8-6FE69F9D2948}.Release|x64.ActiveCfg = Release|x64
		{104D2F87-2A33-4BDB-A4E8-6FE69F9D2948}.Release|x64.Build.0 = Release|x64
		{104D2F87-2A33-4BDB-A4E8-6FE69F9D2948}.Release|x86.ActiveCfg = Release|Win32
		{104D2F87-2A33-4BDB-A4E8-6FE69F9D2948}.Release|x86.Build.0 = Release|Win32
		{ABB68045-8B1B-4B56-9593-DD687E746FF7}.Debug|x64.ActiveCfg = Debug|x64
		{ABB68045-8B1B-4B56-9593-DD687E746FF7}.Debug|x64.Build.0 = Debug|x64
		{ABB68045-8B1B-4B56-9593-DD687E746FF7}.Debug|x86.ActiveCfg = Debug|Win32
		{ABB68045-8B1B-4B56-9593-DD687E746FF7}.Debug|x86.Build.0 = Debug|Win32
		{ABB68045-8B1B-4B56-9593-DD687E746FF7}.Release|x64.ActiveCfg = Release|x64
		{ABB68045-8B1B-4B56-9593-DD687E746FF7}.Release|x64.Build.0 = Release|x64
		{ABB68045-8B1B-4B56-9593-DD687E746FF7}.Release|x86.ActiveCfg = Release|Win32
		{ABB68045-8B1B-4B56-9593-DD687E746FF7}.Release|x86.Build.0 = Release|Win32
		{93860A1B-20DE-4641-907B-5BD6EB60286A}.Debug|x64.ActiveCfg = Debug|x64
		{93860A1B-20DE-4641-907B-5BD6EB60286A}.Debug|x64.Build.0 = Debug|x64
		{93860A1B-20DE-4641-907B-5BD6EB60286A}.Debug|x86.ActiveCfg = Debug|Win32
		{93860A1B-20DE-4641-907B-5BD6EB60286A}.Debug|x86.Build.0 = Debug|Win32
		{93860A1B-20DE-4641-907B-5BD6EB60286A}.Release|x64.ActiveCfg = Release|x64
		{93860A1B-20DE-4641-907B-5BD6EB60286A}.Release|x64.Build.0 = Release|x64
		{93860A1B-20DE-4641-907B-5BD6EB60286A}.Release|x86.ActiveCfg = Release|Win32
		{93860A1B-20DE-4641-907B-5BD6EB60286A}.Release|x86.Build.0 = Release|Win32
		{B5F10861-E76E-402D-B5B5-FBFBD8755BC9}.Debug|x64.ActiveCfg = Debug|x64
		{B5F10861-E76E-402D-B5B5-FBFBD8755BC9}.Debug|x64.Build.0 = Debug|x64
		{B5F10861-E76E-402D-B5B5-FBFBD8755BC9}.Debug|x86.ActiveCfg = Debug|Win32
		{B5F10861-E76E-402D-B5B5-FBFBD8755BC9}.Debug|x86.Build.0 = Debug|Win32
		{B5F10861-E76E-402D-B5B5-FBFBD8755BC9}.Release|x64.ActiveCfg = Release|x64
		{B5F10861-E76E-402D-B5B5-FBFBD8755BC9}.Release|x64.Build.0 = Release|x64
		{B5F10861-E76E-402D-B5B5-FBFBD8755BC9}.Release|x86.ActiveCfg = Release|Win32
		{B5F10861-E76E-402D-B5B5-FBFBD8755BC9}.Release|x86.Build.0 = Release|Win32
		{44A7F103-C4C1-4B11-8E41-D162D50D8684}.Debug|x64.ActiveCfg = Debug|x64
		{44A7F103-C4C1-4B11-8E41-D162D50D8684}.Debug|x64.Build.0 = Debug|x64
		{44A7F103-C4C1-4B11-8E41-D162D50D8684}.Debug|x86.ActiveCfg = Debug|Win32
		{44A7F103-C4C1-4B11-8E41-D162D50D8684}.Debug|x86.Build.0 = Debug|Win32
		{44A7F103-C4C1-4B11-8E41-D162D50D8684}.Release|x64.ActiveCfg = Release|x64
		{44A7F103-C4C1-4B11-8E41-D162D50D8684}.Release|x64.Build.0 = Release|x64
		{44A7F103-C4C1-4B11-8E41-D162D50D8684}.Release|x86.ActiveCfg = Release|Win32
		{44A7F103-C4C1-4B11-8E41-D162D50D8684}.Release|x86.Build.0 = Release|Win32
		{78F1824F-A56B-4A97-ABAF-AE7F4273142B}.Debug|x64.ActiveCfg = Debug|x64
		{78F1824F-A56B-4A97-ABAF-AE7F4273142B}.Debug|x64.Build.0 = Debug|x64
		{78F1824F-A56B-4A97-ABAF-AE7F4273142B}.Debug|x86.ActiveCfg = Debug|Win32
		{78F1824F-A56B-4A97-ABAF-AE7F4273142B}.Debug|x86.Build.0 = Debug|Win32
		{78F1824F-A56B-4A97-ABAF-AE7F4273142B}.Release|x64.ActiveCfg = Release|x64
		{78F1824F-A56B-4A97-ABAF-AE7F4273142B}.Release|x64.Build.0 = Release|x64
		{78F1824F-A56B-4A97-ABAF-AE7F4273142B}.Release|x86.ActiveCfg = Release|Win32
		{78F1824F-A56B-4A97-ABAF-AE7F4273142B}.Release|x86.Build.0 = Release|Win32
		{9F847603-DCCA-4B83-B67F-81B2863F97DB}.Debug|x64.ActiveCfg = Debug|x64
		{9F847603-DCCA-4B83-B67F-81B2863F97DB}.Debug|x64.Build.0 = Debug|x64
		{9F847603-DCCA-4B83-B67F-81B2863F97DB}.Debug|x86.ActiveCfg = Debug|Win32
		{9F847603-DCCA-4B83-B67F-81B2863F97DB}.Debug|x86.Build.0 = Debug|Win32
		{9F847603-DCCA-4B83-B67F-81B2863F97DB}.Release|x64.ActiveCfg = Release|x64
		{9F847603-DCCA-4B83-B67F-81B2863F97DB}.Release|x64.Build.0 = Release|x64
		{9F847603-DCCA-4B83-B67F-81B2863F97DB}.Release|x86.ActiveCfg = Release|Win32
		{9F847603-DCCA-4B83-B67F-81B2863F97DB}.Release|x86.Build.0 = Release|Win32
	EndGlobalSection
	GlobalSection(SolutionProperties) = preSolution
		HideSolutionNode = FALSE
	EndGlobalSection
	GlobalSection(ExtensibilityGlobals) = postSolution
		SolutionGuid = {AFD77E3B-5A58-4B30-8E00-5D7AF9116098}
	EndGlobalSection
EndGlobal
